// !$*UTF8*$!
{
	archiveVersion = 1;
	classes = {
	};
	objectVersion = 50;
	objects = {

/* Begin PBXBuildFile section */
		43E6DABA15FF9519C9845EB1 /* Pods_hyoutei.framework in Frameworks */ = {isa = PBXBuildFile; fileRef = 2EE4E63FA3518AB7EFDE3003 /* Pods_hyoutei.framework */; };
		CE516857215645E200E3CC62 /* AddTeacherViewController.swift in Sources */ = {isa = PBXBuildFile; fileRef = CE516856215645E200E3CC62 /* AddTeacherViewController.swift */; };
		CE87985121327E1A004AA3A9 /* AppDelegate.swift in Sources */ = {isa = PBXBuildFile; fileRef = CE87985021327E1A004AA3A9 /* AppDelegate.swift */; };
		CE87985321327E1A004AA3A9 /* ViewController.swift in Sources */ = {isa = PBXBuildFile; fileRef = CE87985221327E1A004AA3A9 /* ViewController.swift */; };
		CE87985621327E1A004AA3A9 /* Main.storyboard in Resources */ = {isa = PBXBuildFile; fileRef = CE87985421327E1A004AA3A9 /* Main.storyboard */; };
		CE87985821327E1F004AA3A9 /* Assets.xcassets in Resources */ = {isa = PBXBuildFile; fileRef = CE87985721327E1F004AA3A9 /* Assets.xcassets */; };
		CE87985B21327E1F004AA3A9 /* LaunchScreen.storyboard in Resources */ = {isa = PBXBuildFile; fileRef = CE87985921327E1F004AA3A9 /* LaunchScreen.storyboard */; };
		CE87986321327EA8004AA3A9 /* GoogleService-Info.plist in Resources */ = {isa = PBXBuildFile; fileRef = CE87986221327EA8004AA3A9 /* GoogleService-Info.plist */; };
		CE8B0579213E442600D48E84 /* EditViewController.swift in Sources */ = {isa = PBXBuildFile; fileRef = CE8B0578213E442600D48E84 /* EditViewController.swift */; };
		CEDF4C2A2136D9F300487EC1 /* TeachersViewController.swift in Sources */ = {isa = PBXBuildFile; fileRef = CEDF4C292136D9F300487EC1 /* TeachersViewController.swift */; };
		CEDF4C2C2136E83B00487EC1 /* CommentViewController.swift in Sources */ = {isa = PBXBuildFile; fileRef = CEDF4C2B2136E83B00487EC1 /* CommentViewController.swift */; };
		CEDF4C312138296D00487EC1 /* LoginViewController.swift in Sources */ = {isa = PBXBuildFile; fileRef = CEDF4C302138296C00487EC1 /* LoginViewController.swift */; };
		CEDF4C33213A70EC00487EC1 /* SchoolViewController.swift in Sources */ = {isa = PBXBuildFile; fileRef = CEDF4C32213A70EC00487EC1 /* SchoolViewController.swift */; };
		CEDF4C35213A83F700487EC1 /* SubjectViewController.swift in Sources */ = {isa = PBXBuildFile; fileRef = CEDF4C34213A83F700487EC1 /* SubjectViewController.swift */; };
		CEE5623B2150F12600C30D3C /* MakeView.swift in Sources */ = {isa = PBXBuildFile; fileRef = CEE5623A2150F12600C30D3C /* MakeView.swift */; };
/* End PBXBuildFile section */

/* Begin PBXFileReference section */
		2EE4E63FA3518AB7EFDE3003 /* Pods_hyoutei.framework */ = {isa = PBXFileReference; explicitFileType = wrapper.framework; includeInIndex = 0; path = Pods_hyoutei.framework; sourceTree = BUILT_PRODUCTS_DIR; };
		4FDE566A3D682A1ABE6471AB /* Pods-hyoutei.debug.xcconfig */ = {isa = PBXFileReference; includeInIndex = 1; lastKnownFileType = text.xcconfig; name = "Pods-hyoutei.debug.xcconfig"; path = "Pods/Target Support Files/Pods-hyoutei/Pods-hyoutei.debug.xcconfig"; sourceTree = "<group>"; };
		A61D71DACC810530AB88E3F9 /* Pods-hyoutei.release.xcconfig */ = {isa = PBXFileReference; includeInIndex = 1; lastKnownFileType = text.xcconfig; name = "Pods-hyoutei.release.xcconfig"; path = "Pods/Target Support Files/Pods-hyoutei/Pods-hyoutei.release.xcconfig"; sourceTree = "<group>"; };
		CE516856215645E200E3CC62 /* AddTeacherViewController.swift */ = {isa = PBXFileReference; lastKnownFileType = sourcecode.swift; path = AddTeacherViewController.swift; sourceTree = "<group>"; };
		CE87984D21327E1A004AA3A9 /* hyoutei.app */ = {isa = PBXFileReference; explicitFileType = wrapper.application; includeInIndex = 0; path = hyoutei.app; sourceTree = BUILT_PRODUCTS_DIR; };
		CE87985021327E1A004AA3A9 /* AppDelegate.swift */ = {isa = PBXFileReference; lastKnownFileType = sourcecode.swift; path = AppDelegate.swift; sourceTree = "<group>"; };
		CE87985221327E1A004AA3A9 /* ViewController.swift */ = {isa = PBXFileReference; lastKnownFileType = sourcecode.swift; path = ViewController.swift; sourceTree = "<group>"; };
		CE87985521327E1A004AA3A9 /* Base */ = {isa = PBXFileReference; lastKnownFileType = file.storyboard; name = Base; path = Base.lproj/Main.storyboard; sourceTree = "<group>"; };
		CE87985721327E1F004AA3A9 /* Assets.xcassets */ = {isa = PBXFileReference; lastKnownFileType = folder.assetcatalog; path = Assets.xcassets; sourceTree = "<group>"; };
		CE87985A21327E1F004AA3A9 /* Base */ = {isa = PBXFileReference; lastKnownFileType = file.storyboard; name = Base; path = Base.lproj/LaunchScreen.storyboard; sourceTree = "<group>"; };
		CE87985C21327E1F004AA3A9 /* Info.plist */ = {isa = PBXFileReference; lastKnownFileType = text.plist.xml; path = Info.plist; sourceTree = "<group>"; };
		CE87986221327EA8004AA3A9 /* GoogleService-Info.plist */ = {isa = PBXFileReference; fileEncoding = 4; lastKnownFileType = text.plist.xml; path = "GoogleService-Info.plist"; sourceTree = "<group>"; };
		CE8B0578213E442600D48E84 /* EditViewController.swift */ = {isa = PBXFileReference; lastKnownFileType = sourcecode.swift; path = EditViewController.swift; sourceTree = "<group>"; };
		CEDF4C292136D9F300487EC1 /* TeachersViewController.swift */ = {isa = PBXFileReference; lastKnownFileType = sourcecode.swift; path = TeachersViewController.swift; sourceTree = "<group>"; };
		CEDF4C2B2136E83B00487EC1 /* CommentViewController.swift */ = {isa = PBXFileReference; lastKnownFileType = sourcecode.swift; path = CommentViewController.swift; sourceTree = "<group>"; };
		CEDF4C2D213826A900487EC1 /* Bridging-Header.h */ = {isa = PBXFileReference; lastKnownFileType = sourcecode.c.h; path = "Bridging-Header.h"; sourceTree = "<group>"; };
		CEDF4C302138296C00487EC1 /* LoginViewController.swift */ = {isa = PBXFileReference; lastKnownFileType = sourcecode.swift; path = LoginViewController.swift; sourceTree = "<group>"; };
		CEDF4C32213A70EC00487EC1 /* SchoolViewController.swift */ = {isa = PBXFileReference; lastKnownFileType = sourcecode.swift; path = SchoolViewController.swift; sourceTree = "<group>"; };
		CEDF4C34213A83F700487EC1 /* SubjectViewController.swift */ = {isa = PBXFileReference; lastKnownFileType = sourcecode.swift; path = SubjectViewController.swift; sourceTree = "<group>"; };
		CEE5623A2150F12600C30D3C /* MakeView.swift */ = {isa = PBXFileReference; lastKnownFileType = sourcecode.swift; path = MakeView.swift; sourceTree = "<group>"; };
/* End PBXFileReference section */

/* Begin PBXFrameworksBuildPhase section */
		CE87984A21327E1A004AA3A9 /* Frameworks */ = {
			isa = PBXFrameworksBuildPhase;
			buildActionMask = 2147483647;
			files = (
				43E6DABA15FF9519C9845EB1 /* Pods_hyoutei.framework in Frameworks */,
			);
			runOnlyForDeploymentPostprocessing = 0;
		};
/* End PBXFrameworksBuildPhase section */

/* Begin PBXGroup section */
		295FED810A1A188C22C54EF2 /* Pods */ = {
			isa = PBXGroup;
			children = (
				4FDE566A3D682A1ABE6471AB /* Pods-hyoutei.debug.xcconfig */,
				A61D71DACC810530AB88E3F9 /* Pods-hyoutei.release.xcconfig */,
			);
			name = Pods;
			sourceTree = "<group>";
		};
		88C6879C16CB8A852F6762A5 /* Frameworks */ = {
			isa = PBXGroup;
			children = (
				2EE4E63FA3518AB7EFDE3003 /* Pods_hyoutei.framework */,
			);
			name = Frameworks;
			sourceTree = "<group>";
		};
		CE87984421327E1A004AA3A9 = {
			isa = PBXGroup;
			children = (
				CEDF4C2D213826A900487EC1 /* Bridging-Header.h */,
				CE87984F21327E1A004AA3A9 /* hyoutei */,
				CE87984E21327E1A004AA3A9 /* Products */,
				295FED810A1A188C22C54EF2 /* Pods */,
				88C6879C16CB8A852F6762A5 /* Frameworks */,
			);
			sourceTree = "<group>";
		};
		CE87984E21327E1A004AA3A9 /* Products */ = {
			isa = PBXGroup;
			children = (
				CE87984D21327E1A004AA3A9 /* hyoutei.app */,
			);
			name = Products;
			sourceTree = "<group>";
		};
		CE87984F21327E1A004AA3A9 /* hyoutei */ = {
			isa = PBXGroup;
			children = (
				CE87985021327E1A004AA3A9 /* AppDelegate.swift */,
				CE87985421327E1A004AA3A9 /* Main.storyboard */,
				CE87985221327E1A004AA3A9 /* ViewController.swift */,
				CEDF4C302138296C00487EC1 /* LoginViewController.swift */,
				CEDF4C32213A70EC00487EC1 /* SchoolViewController.swift */,
				CEDF4C34213A83F700487EC1 /* SubjectViewController.swift */,
				CEE5623A2150F12600C30D3C /* MakeView.swift */,
				CEDF4C292136D9F300487EC1 /* TeachersViewController.swift */,
				CE516856215645E200E3CC62 /* AddTeacherViewController.swift */,
				CEDF4C2B2136E83B00487EC1 /* CommentViewController.swift */,
				CE8B0578213E442600D48E84 /* EditViewController.swift */,
				CE87985721327E1F004AA3A9 /* Assets.xcassets */,
				CE87985921327E1F004AA3A9 /* LaunchScreen.storyboard */,
				CE87985C21327E1F004AA3A9 /* Info.plist */,
				CE87986221327EA8004AA3A9 /* GoogleService-Info.plist */,
			);
			path = hyoutei;
			sourceTree = "<group>";
		};
/* End PBXGroup section */

/* Begin PBXNativeTarget section */
		CE87984C21327E1A004AA3A9 /* hyoutei */ = {
			isa = PBXNativeTarget;
			buildConfigurationList = CE87985F21327E1F004AA3A9 /* Build configuration list for PBXNativeTarget "hyoutei" */;
			buildPhases = (
				0E3947C9B7C8F3D970CFB563 /* [CP] Check Pods Manifest.lock */,
				CE87984921327E1A004AA3A9 /* Sources */,
				CE87984A21327E1A004AA3A9 /* Frameworks */,
				CE87984B21327E1A004AA3A9 /* Resources */,
				0DEE6BD2DDC8DBC1E20A07D6 /* [CP] Embed Pods Frameworks */,
				CEF58015214956E1009FD739 /* ShellScript */,
			);
			buildRules = (
			);
			dependencies = (
			);
			name = hyoutei;
			productName = hyoutei;
			productReference = CE87984D21327E1A004AA3A9 /* hyoutei.app */;
			productType = "com.apple.product-type.application";
		};
/* End PBXNativeTarget section */

/* Begin PBXProject section */
		CE87984521327E1A004AA3A9 /* Project object */ = {
			isa = PBXProject;
			attributes = {
				LastSwiftUpdateCheck = 0930;
				LastUpgradeCheck = 0930;
				ORGANIZATIONNAME = hamasugartanaka;
				TargetAttributes = {
					CE87984C21327E1A004AA3A9 = {
						CreatedOnToolsVersion = 9.3;
					};
				};
			};
			buildConfigurationList = CE87984821327E1A004AA3A9 /* Build configuration list for PBXProject "hyoutei" */;
			compatibilityVersion = "Xcode 9.3";
			developmentRegion = en;
			hasScannedForEncodings = 0;
			knownRegions = (
				en,
				Base,
			);
			mainGroup = CE87984421327E1A004AA3A9;
			productRefGroup = CE87984E21327E1A004AA3A9 /* Products */;
			projectDirPath = "";
			projectRoot = "";
			targets = (
				CE87984C21327E1A004AA3A9 /* hyoutei */,
			);
		};
/* End PBXProject section */

/* Begin PBXResourcesBuildPhase section */
		CE87984B21327E1A004AA3A9 /* Resources */ = {
			isa = PBXResourcesBuildPhase;
			buildActionMask = 2147483647;
			files = (
				CE87985B21327E1F004AA3A9 /* LaunchScreen.storyboard in Resources */,
				CE87985821327E1F004AA3A9 /* Assets.xcassets in Resources */,
				CE87985621327E1A004AA3A9 /* Main.storyboard in Resources */,
				CE87986321327EA8004AA3A9 /* GoogleService-Info.plist in Resources */,
			);
			runOnlyForDeploymentPostprocessing = 0;
		};
/* End PBXResourcesBuildPhase section */

/* Begin PBXShellScriptBuildPhase section */
		0DEE6BD2DDC8DBC1E20A07D6 /* [CP] Embed Pods Frameworks */ = {
			isa = PBXShellScriptBuildPhase;
			buildActionMask = 2147483647;
			files = (
			);
			inputPaths = (
				"${SRCROOT}/Pods/Target Support Files/Pods-hyoutei/Pods-hyoutei-frameworks.sh",
				"${BUILT_PRODUCTS_DIR}/GTMSessionFetcher/GTMSessionFetcher.framework",
				"${BUILT_PRODUCTS_DIR}/GoogleToolboxForMac/GoogleToolboxForMac.framework",
				"${BUILT_PRODUCTS_DIR}/leveldb-library/leveldb.framework",
				"${BUILT_PRODUCTS_DIR}/nanopb/nanopb.framework",
			);
			name = "[CP] Embed Pods Frameworks";
			outputPaths = (
				"${TARGET_BUILD_DIR}/${FRAMEWORKS_FOLDER_PATH}/GTMSessionFetcher.framework",
				"${TARGET_BUILD_DIR}/${FRAMEWORKS_FOLDER_PATH}/GoogleToolboxForMac.framework",
				"${TARGET_BUILD_DIR}/${FRAMEWORKS_FOLDER_PATH}/leveldb.framework",
				"${TARGET_BUILD_DIR}/${FRAMEWORKS_FOLDER_PATH}/nanopb.framework",
			);
			runOnlyForDeploymentPostprocessing = 0;
			shellPath = /bin/sh;
			shellScript = "\"${SRCROOT}/Pods/Target Support Files/Pods-hyoutei/Pods-hyoutei-frameworks.sh\"\n";
			showEnvVarsInLog = 0;
		};
		0E3947C9B7C8F3D970CFB563 /* [CP] Check Pods Manifest.lock */ = {
			isa = PBXShellScriptBuildPhase;
			buildActionMask = 2147483647;
			files = (
			);
			inputPaths = (
				"${PODS_PODFILE_DIR_PATH}/Podfile.lock",
				"${PODS_ROOT}/Manifest.lock",
			);
			name = "[CP] Check Pods Manifest.lock";
			outputPaths = (
				"$(DERIVED_FILE_DIR)/Pods-hyoutei-checkManifestLockResult.txt",
			);
			runOnlyForDeploymentPostprocessing = 0;
			shellPath = /bin/sh;
			shellScript = "diff \"${PODS_PODFILE_DIR_PATH}/Podfile.lock\" \"${PODS_ROOT}/Manifest.lock\" > /dev/null\nif [ $? != 0 ] ; then\n    # print error to STDERR\n    echo \"error: The sandbox is not in sync with the Podfile.lock. Run 'pod install' or update your CocoaPods installation.\" >&2\n    exit 1\nfi\n# This output is used by Xcode 'outputs' to avoid re-running this script phase.\necho \"SUCCESS\" > \"${SCRIPT_OUTPUT_FILE_0}\"\n";
			showEnvVarsInLog = 0;
		};
		CEF58015214956E1009FD739 /* ShellScript */ = {
			isa = PBXShellScriptBuildPhase;
			buildActionMask = 2147483647;
			files = (
			);
			inputPaths = (
			);
			outputPaths = (
			);
			runOnlyForDeploymentPostprocessing = 0;
			shellPath = /bin/sh;
			shellScript = "";
		};
/* End PBXShellScriptBuildPhase section */

/* Begin PBXSourcesBuildPhase section */
		CE87984921327E1A004AA3A9 /* Sources */ = {
			isa = PBXSourcesBuildPhase;
			buildActionMask = 2147483647;
			files = (
				CEE5623B2150F12600C30D3C /* MakeView.swift in Sources */,
				CE516857215645E200E3CC62 /* AddTeacherViewController.swift in Sources */,
				CEDF4C33213A70EC00487EC1 /* SchoolViewController.swift in Sources */,
				CE87985321327E1A004AA3A9 /* ViewController.swift in Sources */,
				CEDF4C35213A83F700487EC1 /* SubjectViewController.swift in Sources */,
				CE8B0579213E442600D48E84 /* EditViewController.swift in Sources */,
				CEDF4C2C2136E83B00487EC1 /* CommentViewController.swift in Sources */,
				CEDF4C312138296D00487EC1 /* LoginViewController.swift in Sources */,
				CEDF4C2A2136D9F300487EC1 /* TeachersViewController.swift in Sources */,
				CE87985121327E1A004AA3A9 /* AppDelegate.swift in Sources */,
			);
			runOnlyForDeploymentPostprocessing = 0;
		};
/* End PBXSourcesBuildPhase section */

/* Begin PBXVariantGroup section */
		CE87985421327E1A004AA3A9 /* Main.storyboard */ = {
			isa = PBXVariantGroup;
			children = (
				CE87985521327E1A004AA3A9 /* Base */,
			);
			name = Main.storyboard;
			sourceTree = "<group>";
		};
		CE87985921327E1F004AA3A9 /* LaunchScreen.storyboard */ = {
			isa = PBXVariantGroup;
			children = (
				CE87985A21327E1F004AA3A9 /* Base */,
			);
			name = LaunchScreen.storyboard;
			sourceTree = "<group>";
		};
/* End PBXVariantGroup section */

/* Begin XCBuildConfiguration section */
		CE87985D21327E1F004AA3A9 /* Debug */ = {
			isa = XCBuildConfiguration;
			buildSettings = {
				ALWAYS_SEARCH_USER_PATHS = NO;
				CLANG_ANALYZER_NONNULL = YES;
				CLANG_ANALYZER_NUMBER_OBJECT_CONVERSION = YES_AGGRESSIVE;
				CLANG_CXX_LANGUAGE_STANDARD = "gnu++14";
				CLANG_CXX_LIBRARY = "libc++";
				CLANG_ENABLE_MODULES = YES;
				CLANG_ENABLE_OBJC_ARC = YES;
				CLANG_ENABLE_OBJC_WEAK = YES;
				CLANG_WARN_BLOCK_CAPTURE_AUTORELEASING = YES;
				CLANG_WARN_BOOL_CONVERSION = YES;
				CLANG_WARN_COMMA = YES;
				CLANG_WARN_CONSTANT_CONVERSION = YES;
				CLANG_WARN_DEPRECATED_OBJC_IMPLEMENTATIONS = YES;
				CLANG_WARN_DIRECT_OBJC_ISA_USAGE = YES_ERROR;
				CLANG_WARN_DOCUMENTATION_COMMENTS = YES;
				CLANG_WARN_EMPTY_BODY = YES;
				CLANG_WARN_ENUM_CONVERSION = YES;
				CLANG_WARN_INFINITE_RECURSION = YES;
				CLANG_WARN_INT_CONVERSION = YES;
				CLANG_WARN_NON_LITERAL_NULL_CONVERSION = YES;
				CLANG_WARN_OBJC_IMPLICIT_RETAIN_SELF = YES;
				CLANG_WARN_OBJC_LITERAL_CONVERSION = YES;
				CLANG_WARN_OBJC_ROOT_CLASS = YES_ERROR;
				CLANG_WARN_RANGE_LOOP_ANALYSIS = YES;
				CLANG_WARN_STRICT_PROTOTYPES = YES;
				CLANG_WARN_SUSPICIOUS_MOVE = YES;
				CLANG_WARN_UNGUARDED_AVAILABILITY = YES_AGGRESSIVE;
				CLANG_WARN_UNREACHABLE_CODE = YES;
				CLANG_WARN__DUPLICATE_METHOD_MATCH = YES;
				CODE_SIGN_IDENTITY = "iPhone Developer";
				COPY_PHASE_STRIP = NO;
				DEBUG_INFORMATION_FORMAT = dwarf;
				ENABLE_STRICT_OBJC_MSGSEND = YES;
				ENABLE_TESTABILITY = YES;
				GCC_C_LANGUAGE_STANDARD = gnu11;
				GCC_DYNAMIC_NO_PIC = NO;
				GCC_NO_COMMON_BLOCKS = YES;
				GCC_OPTIMIZATION_LEVEL = 0;
				GCC_PREPROCESSOR_DEFINITIONS = (
					"DEBUG=1",
					"$(inherited)",
				);
				GCC_WARN_64_TO_32_BIT_CONVERSION = YES;
				GCC_WARN_ABOUT_RETURN_TYPE = YES_ERROR;
				GCC_WARN_UNDECLARED_SELECTOR = YES;
				GCC_WARN_UNINITIALIZED_AUTOS = YES_AGGRESSIVE;
				GCC_WARN_UNUSED_FUNCTION = YES;
				GCC_WARN_UNUSED_VARIABLE = YES;
				IPHONEOS_DEPLOYMENT_TARGET = 11.3;
				MTL_ENABLE_DEBUG_INFO = YES;
				ONLY_ACTIVE_ARCH = YES;
				SDKROOT = iphoneos;
				SWIFT_ACTIVE_COMPILATION_CONDITIONS = DEBUG;
				SWIFT_OPTIMIZATION_LEVEL = "-Onone";
			};
			name = Debug;
		};
		CE87985E21327E1F004AA3A9 /* Release */ = {
			isa = XCBuildConfiguration;
			buildSettings = {
				ALWAYS_SEARCH_USER_PATHS = NO;
				CLANG_ANALYZER_NONNULL = YES;
				CLANG_ANALYZER_NUMBER_OBJECT_CONVERSION = YES_AGGRESSIVE;
				CLANG_CXX_LANGUAGE_STANDARD = "gnu++14";
				CLANG_CXX_LIBRARY = "libc++";
				CLANG_ENABLE_MODULES = YES;
				CLANG_ENABLE_OBJC_ARC = YES;
				CLANG_ENABLE_OBJC_WEAK = YES;
				CLANG_WARN_BLOCK_CAPTURE_AUTORELEASING = YES;
				CLANG_WARN_BOOL_CONVERSION = YES;
				CLANG_WARN_COMMA = YES;
				CLANG_WARN_CONSTANT_CONVERSION = YES;
				CLANG_WARN_DEPRECATED_OBJC_IMPLEMENTATIONS = YES;
				CLANG_WARN_DIRECT_OBJC_ISA_USAGE = YES_ERROR;
				CLANG_WARN_DOCUMENTATION_COMMENTS = YES;
				CLANG_WARN_EMPTY_BODY = YES;
				CLANG_WARN_ENUM_CONVERSION = YES;
				CLANG_WARN_INFINITE_RECURSION = YES;
				CLANG_WARN_INT_CONVERSION = YES;
				CLANG_WARN_NON_LITERAL_NULL_CONVERSION = YES;
				CLANG_WARN_OBJC_IMPLICIT_RETAIN_SELF = YES;
				CLANG_WARN_OBJC_LITERAL_CONVERSION = YES;
				CLANG_WARN_OBJC_ROOT_CLASS = YES_ERROR;
				CLANG_WARN_RANGE_LOOP_ANALYSIS = YES;
				CLANG_WARN_STRICT_PROTOTYPES = YES;
				CLANG_WARN_SUSPICIOUS_MOVE = YES;
				CLANG_WARN_UNGUARDED_AVAILABILITY = YES_AGGRESSIVE;
				CLANG_WARN_UNREACHABLE_CODE = YES;
				CLANG_WARN__DUPLICATE_METHOD_MATCH = YES;
				CODE_SIGN_IDENTITY = "iPhone Developer";
				COPY_PHASE_STRIP = NO;
				DEBUG_INFORMATION_FORMAT = "dwarf-with-dsym";
				ENABLE_NS_ASSERTIONS = NO;
				ENABLE_STRICT_OBJC_MSGSEND = YES;
				GCC_C_LANGUAGE_STANDARD = gnu11;
				GCC_NO_COMMON_BLOCKS = YES;
				GCC_WARN_64_TO_32_BIT_CONVERSION = YES;
				GCC_WARN_ABOUT_RETURN_TYPE = YES_ERROR;
				GCC_WARN_UNDECLARED_SELECTOR = YES;
				GCC_WARN_UNINITIALIZED_AUTOS = YES_AGGRESSIVE;
				GCC_WARN_UNUSED_FUNCTION = YES;
				GCC_WARN_UNUSED_VARIABLE = YES;
				IPHONEOS_DEPLOYMENT_TARGET = 11.3;
				MTL_ENABLE_DEBUG_INFO = NO;
				SDKROOT = iphoneos;
				SWIFT_COMPILATION_MODE = wholemodule;
				SWIFT_OPTIMIZATION_LEVEL = "-O";
				VALIDATE_PRODUCT = YES;
			};
			name = Release;
		};
		CE87986021327E1F004AA3A9 /* Debug */ = {
			isa = XCBuildConfiguration;
			baseConfigurationReference = 4FDE566A3D682A1ABE6471AB /* Pods-hyoutei.debug.xcconfig */;
			buildSettings = {
				ASSETCATALOG_COMPILER_APPICON_NAME = AppIcon;
				CODE_SIGN_STYLE = Automatic;
				DEVELOPMENT_TEAM = MR34XK582H;
				INFOPLIST_FILE = hyoutei/Info.plist;
				IPHONEOS_DEPLOYMENT_TARGET = 11.0;
				LD_RUNPATH_SEARCH_PATHS = (
					"$(inherited)",
					"@executable_path/Frameworks",
				);
				PRODUCT_BUNDLE_IDENTIFIER = hamasugar0511.hyoutei;
				PRODUCT_NAME = "$(TARGET_NAME)";
				SWIFT_OBJC_BRIDGING_HEADER = "$(SRCROOT)/$(PRODUCT)/Bridging-Header.h";
				SWIFT_VERSION = 4.0;
				TARGETED_DEVICE_FAMILY = "1,2";
			};
			name = Debug;
		};
		CE87986121327E1F004AA3A9 /* Release */ = {
			isa = XCBuildConfiguration;
			baseConfigurationReference = A61D71DACC810530AB88E3F9 /* Pods-hyoutei.release.xcconfig */;
			buildSettings = {
				ASSETCATALOG_COMPILER_APPICON_NAME = AppIcon;
				CODE_SIGN_STYLE = Automatic;
				DEVELOPMENT_TEAM = MR34XK582H;
				INFOPLIST_FILE = hyoutei/Info.plist;
				IPHONEOS_DEPLOYMENT_TARGET = 11.0;
				LD_RUNPATH_SEARCH_PATHS = (
					"$(inherited)",
					"@executable_path/Frameworks",
				);
				PRODUCT_BUNDLE_IDENTIFIER = hamasugar0511.hyoutei;
				PRODUCT_NAME = "$(TARGET_NAME)";
				SWIFT_OBJC_BRIDGING_HEADER = "$(SRCROOT)/$(PRODUCT)/Bridging-Header.h";
				SWIFT_VERSION = 4.0;
				TARGETED_DEVICE_FAMILY = "1,2";
			};
			name = Release;
		};
/* End XCBuildConfiguration section */

/* Begin XCConfigurationList section */
		CE87984821327E1A004AA3A9 /* Build configuration list for PBXProject "hyoutei" */ = {
			isa = XCConfigurationList;
			buildConfigurations = (
				CE87985D21327E1F004AA3A9 /* Debug */,
				CE87985E21327E1F004AA3A9 /* Release */,
			);
			defaultConfigurationIsVisible = 0;
			defaultConfigurationName = Release;
		};
		CE87985F21327E1F004AA3A9 /* Build configuration list for PBXNativeTarget "hyoutei" */ = {
			isa = XCConfigurationList;
			buildConfigurations = (
				CE87986021327E1F004AA3A9 /* Debug */,
				CE87986121327E1F004AA3A9 /* Release */,
			);
			defaultConfigurationIsVisible = 0;
			defaultConfigurationName = Release;
		};
/* End XCConfigurationList section */
	};
	rootObject = CE87984521327E1A004AA3A9 /* Project object */;
}
